{
  "name": "@paperclip-zh-cn/plugin-zh-cn",
  "version": "1.0.0",
  "lockfileVersion": 3,
  "requires": true,
  "packages": {
    "": {
      "name": "@paperclip-zh-cn/plugin-zh-cn",
      "version": "1.0.0",
      "license": "MIT",
      "dependencies": {
        "@paperclipai/plugin-sdk": "^2026.916.1"
      },
      "bin": {
        "paperclip-zh": "bin/paperclip-zh.mjs"
      },
      "engines": {
        "node": ">=24.11.0"
      }
    },
    "node_modules/@paperclipai/plugin-sdk": {
      "version": "2026.916.1",
      "resolved": "https://registry.npmjs.org/@paperclipai/plugin-sdk/-/plugin-sdk-2026.916.1.tgz",
      "integrity": "sha512-Q5phElelSaOeMGvEg00mvEej8yFPU8PJv9UZRgelteuwCuEq5k5c5Ze36zsT6nXubbgF24opbFh2mFb0+qMs6Q==",
      "license": "MIT",
      "dependencies": {
        "@paperclipai/shared": "2026.916.1",
        "zod": "^4.4.3"
      },
      "bin": {
        "paperclip-plugin-dev-server": "dist/dev-cli.js"
      },
      "engines": {
        "node": ">=24.11.0"
      },
      "peerDependencies": {
        "react": ">=18"
      },
      "peerDependenciesMeta": {
        "react": {
          "optional": true
        }
      }
    },
    "node_modules/@paperclipai/shared": {
      "version": "2026.916.1",
      "resolved": "https://registry.npmjs.org/@paperclipai/shared/-/shared-2026.916.1.tgz",
      "integrity": "sha512-SrAuGkqt0hpuTJ82J0Hk6tYao/7I7djp3wzYaYT7rej3se9PnZ5cKT8HI5/du9TM0RLO7+fElhdVG7IDyGuIZg==",
      "license": "MIT",
      "dependencies": {
        "zod": "^4.4.3"
      },
      "engines": {
        "node": ">=24.11.0"
      }
    },
    "node_modules/zod": {
      "version": "4.6.5",
      "resolved": "https://registry.npmjs.org/zod/-/zod-4.6.5.tgz",
      "integrity": "sha512-v5l/aFXZQeai4awLbOpSoHecE9UiMrnfx75tEXLjNonXVARxQ5mOeipTjROUchszUNCqnE+hqAMujRsRHsut2Q==",
      "license": "MIT",
      "funding": {
        "url": "https://github.com/sponsors/colinhacks"
      }
    }
  }
}
